
Microsoft Visual Studio Solution File, Format Version 12.00
# Visual Studio Version 17
VisualStudioVersion = 17.2.32630.192
MinimumVisualStudioVersion = 10.0.40219.1
Project("{FAE04EC0-301F-11D3-BF4B-00C04F79EFBC}") = "hei_jukka", "hei_jukka\hei_jukka.csproj", "{27863D00-72B7-41A3-A2D2-BD1342DB95E6}"
EndProject
Global
	GlobalSection(SolutionConfigurationPlatforms) = preSolution
		Debug|Any CPU = Debug|Any CPU
		Release|Any CPU = Release|Any CPU
	EndGlobalSection
	GlobalSection(ProjectConfigurationPlatforms) = postSolution
		{27863D00-72B7-41A3-A2D2-BD1342DB95E6}.Debug|Any CPU.ActiveCfg = Debug|Any CPU
		{27863D00-72B7-41A3-A2D2-BD1342DB95E6}.Debug|Any CPU.Build.0 = Debug|Any CPU
		{27863D00-72B7-41A3-A2D2-BD1342DB95E6}.Release|Any CPU.ActiveCfg = Release|Any CPU
		{27863D00-72B7-41A3-A2D2-BD1342DB95E6}.Release|Any CPU.Build.0 = Release|Any CPU
	EndGlobalSection
	GlobalSection(SolutionProperties) = preSolution
		HideSolutionNode = FALSE
	EndGlobalSection
	GlobalSection(ExtensibilityGlobals) = postSolution
		SolutionGuid = {D119F41D-FDAE-4FCC-90B0-7E1ECA7AA05A}
	EndGlobalSection
EndGlobal
