
Microsoft Visual Studio Solution File, Format Version 12.00
# Visual Studio Version 17
VisualStudioVersion = 17.2.32630.192
MinimumVisualStudioVersion = 10.0.40219.1
Project("{FAE04EC0-301F-11D3-BF4B-00C04F79EFBC}") = "DateTime", "DateTime\DateTime.csproj", "{D37E425D-B7F5-430C-BB36-F19AAF4B42B6}"
EndProject
Global
	GlobalSection(SolutionConfigurationPlatforms) = preSolution
		Debug|Any CPU = Debug|Any CPU
		Release|Any CPU = Release|Any CPU
	EndGlobalSection
	GlobalSection(ProjectConfigurationPlatforms) = postSolution
		{D37E425D-B7F5-430C-BB36-F19AAF4B42B6}.Debug|Any CPU.ActiveCfg = Debug|Any CPU
		{D37E425D-B7F5-430C-BB36-F19AAF4B42B6}.Debug|Any CPU.Build.0 = Debug|Any CPU
		{D37E425D-B7F5-430C-BB36-F19AAF4B42B6}.Release|Any CPU.ActiveCfg = Release|Any CPU
		{D37E425D-B7F5-430C-BB36-F19AAF4B42B6}.Release|Any CPU.Build.0 = Release|Any CPU
	EndGlobalSection
	GlobalSection(SolutionProperties) = preSolution
		HideSolutionNode = FALSE
	EndGlobalSection
	GlobalSection(ExtensibilityGlobals) = postSolution
		SolutionGuid = {C9882A6A-232F-40EF-A260-05ABBC81CA17}
	EndGlobalSection
EndGlobal
