
Microsoft Visual Studio Solution File, Format Version 12.00
# Visual Studio Version 17
VisualStudioVersion = 17.2.32630.192
MinimumVisualStudioVersion = 10.0.40219.1
Project("{FAE04EC0-301F-11D3-BF4B-00C04F79EFBC}") = "Eka", "Eka\Eka.csproj", "{A8622301-4F45-4189-BFD7-A58F593D9AFB}"
EndProject
Global
	GlobalSection(SolutionConfigurationPlatforms) = preSolution
		Debug|Any CPU = Debug|Any CPU
		Release|Any CPU = Release|Any CPU
	EndGlobalSection
	GlobalSection(ProjectConfigurationPlatforms) = postSolution
		{A8622301-4F45-4189-BFD7-A58F593D9AFB}.Debug|Any CPU.ActiveCfg = Debug|Any CPU
		{A8622301-4F45-4189-BFD7-A58F593D9AFB}.Debug|Any CPU.Build.0 = Debug|Any CPU
		{A8622301-4F45-4189-BFD7-A58F593D9AFB}.Release|Any CPU.ActiveCfg = Release|Any CPU
		{A8622301-4F45-4189-BFD7-A58F593D9AFB}.Release|Any CPU.Build.0 = Release|Any CPU
	EndGlobalSection
	GlobalSection(SolutionProperties) = preSolution
		HideSolutionNode = FALSE
	EndGlobalSection
	GlobalSection(ExtensibilityGlobals) = postSolution
		SolutionGuid = {CDD85D62-5591-4E61-A8E8-281B1C6707D2}
	EndGlobalSection
EndGlobal
